// !$*UTF8*$!
{
	archiveVersion = 1;
	classes = {
	};
	objectVersion = 48;
	objects = {

/* Begin PBXBuildFile section */
		68279E2A20B1CA23008C4E8D /* AppDelegate.swift in Sources */ = {isa = PBXBuildFile; fileRef = 68279E2920B1CA23008C4E8D /* AppDelegate.swift */; };
		68279E2C20B1CA23008C4E8D /* ViewController.swift in Sources */ = {isa = PBXBuildFile; fileRef = 68279E2B20B1CA23008C4E8D /* ViewController.swift */; };
		68279E2F20B1CA23008C4E8D /* Main.storyboard in Resources */ = {isa = PBXBuildFile; fileRef = 68279E2D20B1CA23008C4E8D /* Main.storyboard */; };
		68279E3120B1CA23008C4E8D /* Assets.xcassets in Resources */ = {isa = PBXBuildFile; fileRef = 68279E3020B1CA23008C4E8D /* Assets.xcassets */; };
		68279E3420B1CA23008C4E8D /* LaunchScreen.storyboard in Resources */ = {isa = PBXBuildFile; fileRef = 68279E3220B1CA23008C4E8D /* LaunchScreen.storyboard */; };
		68279E3C20B1CDB6008C4E8D /* CustomCell.swift in Sources */ = {isa = PBXBuildFile; fileRef = 68279E3B20B1CDB6008C4E8D /* CustomCell.swift */; };
/* End PBXBuildFile section */

/* Begin PBXFileReference section */
		68279E2620B1CA23008C4E8D /* PiggyBank.app */ = {isa = PBXFileReference; explicitFileType = wrapper.application; includeInIndex = 0; path = PiggyBank.app; sourceTree = BUILT_PRODUCTS_DIR; };
		68279E2920B1CA23008C4E8D /* AppDelegate.swift */ = {isa = PBXFileReference; lastKnownFileType = sourcecode.swift; path = AppDelegate.swift; sourceTree = "<group>"; };
		68279E2B20B1CA23008C4E8D /* ViewController.swift */ = {isa = PBXFileReference; lastKnownFileType = sourcecode.swift; path = ViewController.swift; sourceTree = "<group>"; };
		68279E2E20B1CA23008C4E8D /* Base */ = {isa = PBXFileReference; lastKnownFileType = file.storyboard; name = Base; path = Base.lproj/Main.storyboard; sourceTree = "<group>"; };
		68279E3020B1CA23008C4E8D /* Assets.xcassets */ = {isa = PBXFileReference; lastKnownFileType = folder.assetcatalog; path = Assets.xcassets; sourceTree = "<group>"; };
		68279E3320B1CA23008C4E8D /* Base */ = {isa = PBXFileReference; lastKnownFileType = file.storyboard; name = Base; path = Base.lproj/LaunchScreen.storyboard; sourceTree = "<group>"; };
		68279E3520B1CA23008C4E8D /* Info.plist */ = {isa = PBXFileReference; lastKnownFileType = text.plist.xml; path = Info.plist; sourceTree = "<group>"; };
		68279E3B20B1CDB6008C4E8D /* CustomCell.swift */ = {isa = PBXFileReference; lastKnownFileType = sourcecode.swift; path = CustomCell.swift; sourceTree = "<group>"; };
/* End PBXFileReference section */

/* Begin PBXFrameworksBuildPhase section */
		68279E2320B1CA23008C4E8D /* Frameworks */ = {
			isa = PBXFrameworksBuildPhase;
			buildActionMask = 2147483647;
			files = (
			);
			runOnlyForDeploymentPostprocessing = 0;
		};
/* End PBXFrameworksBuildPhase section */

/* Begin PBXGroup section */
		68279E1D20B1CA23008C4E8D = {
			isa = PBXGroup;
			children = (
				68279E2820B1CA23008C4E8D /* PiggyBank */,
				68279E2720B1CA23008C4E8D /* Products */,
			);
			sourceTree = "<group>";
		};
		68279E2720B1CA23008C4E8D /* Products */ = {
			isa = PBXGroup;
			children = (
				68279E2620B1CA23008C4E8D /* PiggyBank.app */,
			);
			name = Products;
			sourceTree = "<group>";
		};
		68279E2820B1CA23008C4E8D /* PiggyBank */ = {
			isa = PBXGroup;
			children = (
				68279E2920B1CA23008C4E8D /* AppDelegate.swift */,
				68279E2B20B1CA23008C4E8D /* ViewController.swift */,
				68279E3B20B1CDB6008C4E8D /* CustomCell.swift */,
				68279E2D20B1CA23008C4E8D /* Main.storyboard */,
				68279E3020B1CA23008C4E8D /* Assets.xcassets */,
				68279E3220B1CA23008C4E8D /* LaunchScreen.storyboard */,
				68279E3520B1CA23008C4E8D /* Info.plist */,
			);
			path = PiggyBank;
			sourceTree = "<group>";
		};
/* End PBXGroup section */

/* Begin PBXNativeTarget section */
		68279E2520B1CA23008C4E8D /* PiggyBank */ = {
			isa = PBXNativeTarget;
			buildConfigurationList = 68279E3820B1CA23008C4E8D /* Build configuration list for PBXNativeTarget "PiggyBank" */;
			buildPhases = (
				68279E2220B1CA23008C4E8D /* Sources */,
				68279E2320B1CA23008C4E8D /* Frameworks */,
				68279E2420B1CA23008C4E8D /* Resources */,
			);
			buildRules = (
			);
			dependencies = (
			);
			name = PiggyBank;
			productName = PiggyBank;
			productReference = 68279E2620B1CA23008C4E8D /* PiggyBank.app */;
			productType = "com.apple.product-type.application";
		};
/* End PBXNativeTarget section */

/* Begin PBXProject section */
		68279E1E20B1CA23008C4E8D /* Project object */ = {
			isa = PBXProject;
			attributes = {
				LastSwiftUpdateCheck = 0920;
				LastUpgradeCheck = 0920;
				ORGANIZATIONNAME = Angela;
				TargetAttributes = {
					68279E2520B1CA23008C4E8D = {
						CreatedOnToolsVersion = 9.2;
						ProvisioningStyle = Manual;
					};
				};
			};
			buildConfigurationList = 68279E2120B1CA23008C4E8D /* Build configuration list for PBXProject "PiggyBank" */;
			compatibilityVersion = "Xcode 8.0";
			developmentRegion = en;
			hasScannedForEncodings = 0;
			knownRegions = (
				en,
				Base,
			);
			mainGroup = 68279E1D20B1CA23008C4E8D;
			productRefGroup = 68279E2720B1CA23008C4E8D /* Products */;
			projectDirPath = "";
			projectRoot = "";
			targets = (
				68279E2520B1CA23008C4E8D /* PiggyBank */,
			);
		};
/* End PBXProject section */

/* Begin PBXResourcesBuildPhase section */
		68279E2420B1CA23008C4E8D /* Resources */ = {
			isa = PBXResourcesBuildPhase;
			buildActionMask = 2147483647;
			files = (
				68279E3420B1CA23008C4E8D /* LaunchScreen.storyboard in Resources */,
				68279E3120B1CA23008C4E8D /* Assets.xcassets in Resources */,
				68279E2F20B1CA23008C4E8D /* Main.storyboard in Resources */,
			);
			runOnlyForDeploymentPostprocessing = 0;
		};
/* End PBXResourcesBuildPhase section */

/* Begin PBXSourcesBuildPhase section */
		68279E2220B1CA23008C4E8D /* Sources */ = {
			isa = PBXSourcesBuildPhase;
			buildActionMask = 2147483647;
			files = (
				68279E2C20B1CA23008C4E8D /* ViewController.swift in Sources */,
				68279E3C20B1CDB6008C4E8D /* CustomCell.swift in Sources */,
				68279E2A20B1CA23008C4E8D /* AppDelegate.swift in Sources */,
			);
			runOnlyForDeploymentPostprocessing = 0;
		};
/* End PBXSourcesBuildPhase section */

/* Begin PBXVariantGroup section */
		68279E2D20B1CA23008C4E8D /* Main.storyboard */ = {
			isa = PBXVariantGroup;
			children = (
				68279E2E20B1CA23008C4E8D /* Base */,
			);
			name = Main.storyboard;
			sourceTree = "<group>";
		};
		68279E3220B1CA23008C4E8D /* LaunchScreen.storyboard */ = {
			isa = PBXVariantGroup;
			children = (
				68279E3320B1CA23008C4E8D /* Base */,
			);
			name = LaunchScreen.storyboard;
			sourceTree = "<group>";
		};
/* End PBXVariantGroup section */

/* Begin XCBuildConfiguration section */
		68279E3620B1CA23008C4E8D /* Debug */ = {
			isa = XCBuildConfiguration;
			buildSettings = {
				ALWAYS_SEARCH_USER_PATHS = NO;
				CLANG_ANALYZER_NONNULL = YES;
				CLANG_ANALYZER_NUMBER_OBJECT_CONVERSION = YES_AGGRESSIVE;
				CLANG_CXX_LANGUAGE_STANDARD = "gnu++14";
				CLANG_CXX_LIBRARY = "libc++";
				CLANG_ENABLE_MODULES = YES;
				CLANG_ENABLE_OBJC_ARC = YES;
				CLANG_WARN_BLOCK_CAPTURE_AUTORELEASING = YES;
				CLANG_WARN_BOOL_CONVERSION = YES;
				CLANG_WARN_COMMA = YES;
				CLANG_WARN_CONSTANT_CONVERSION = YES;
				CLANG_WARN_DIRECT_OBJC_ISA_USAGE = YES_ERROR;
				CLANG_WARN_DOCUMENTATION_COMMENTS = YES;
				CLANG_WARN_EMPTY_BODY = YES;
				CLANG_WARN_ENUM_CONVERSION = YES;
				CLANG_WARN_INFINITE_RECURSION = YES;
				CLANG_WARN_INT_CONVERSION = YES;
				CLANG_WARN_NON_LITERAL_NULL_CONVERSION = YES;
				CLANG_WARN_OBJC_LITERAL_CONVERSION = YES;
				CLANG_WARN_OBJC_ROOT_CLASS = YES_ERROR;
				CLANG_WARN_RANGE_LOOP_ANALYSIS = YES;
				CLANG_WARN_STRICT_PROTOTYPES = YES;
				CLANG_WARN_SUSPICIOUS_MOVE = YES;
				CLANG_WARN_UNGUARDED_AVAILABILITY = YES_AGGRESSIVE;
				CLANG_WARN_UNREACHABLE_CODE = YES;
				CLANG_WARN__DUPLICATE_METHOD_MATCH = YES;
				CODE_SIGN_IDENTITY = "iPhone Developer";
				COPY_PHASE_STRIP = NO;
				DEBUG_INFORMATION_FORMAT = dwarf;
				ENABLE_STRICT_OBJC_MSGSEND = YES;
				ENABLE_TESTABILITY = YES;
				GCC_C_LANGUAGE_STANDARD = gnu11;
				GCC_DYNAMIC_NO_PIC = NO;
				GCC_NO_COMMON_BLOCKS = YES;
				GCC_OPTIMIZATION_LEVEL = 0;
				GCC_PREPROCESSOR_DEFINITIONS = (
					"DEBUG=1",
					"$(inherited)",
				);
				GCC_WARN_64_TO_32_BIT_CONVERSION = YES;
				GCC_WARN_ABOUT_RETURN_TYPE = YES_ERROR;
				GCC_WARN_UNDECLARED_SELECTOR = YES;
				GCC_WARN_UNINITIALIZED_AUTOS = YES_AGGRESSIVE;
				GCC_WARN_UNUSED_FUNCTION = YES;
				GCC_WARN_UNUSED_VARIABLE = YES;
				IPHONEOS_DEPLOYMENT_TARGET = 11.2;
				MTL_ENABLE_DEBUG_INFO = YES;
				ONLY_ACTIVE_ARCH = YES;
				SDKROOT = iphoneos;
				SWIFT_ACTIVE_COMPILATION_CONDITIONS = DEBUG;
				SWIFT_OPTIMIZATION_LEVEL = "-Onone";
			};
			name = Debug;
		};
		68279E3720B1CA23008C4E8D /* Release */ = {
			isa = XCBuildConfiguration;
			buildSettings = {
				ALWAYS_SEARCH_USER_PATHS = NO;
				CLANG_ANALYZER_NONNULL = YES;
				CLANG_ANALYZER_NUMBER_OBJECT_CONVERSION = YES_AGGRESSIVE;
				CLANG_CXX_LANGUAGE_STANDARD = "gnu++14";
				CLANG_CXX_LIBRARY = "libc++";
				CLANG_ENABLE_MODULES = YES;
				CLANG_ENABLE_OBJC_ARC = YES;
				CLANG_WARN_BLOCK_CAPTURE_AUTORELEASING = YES;
				CLANG_WARN_BOOL_CONVERSION = YES;
				CLANG_WARN_COMMA = YES;
				CLANG_WARN_CONSTANT_CONVERSION = YES;
				CLANG_WARN_DIRECT_OBJC_ISA_USAGE = YES_ERROR;
				CLANG_WARN_DOCUMENTATION_COMMENTS = YES;
				CLANG_WARN_EMPTY_BODY = YES;
				CLANG_WARN_ENUM_CONVERSION = YES;
				CLANG_WARN_INFINITE_RECURSION = YES;
				CLANG_WARN_INT_CONVERSION = YES;
				CLANG_WARN_NON_LITERAL_NULL_CONVERSION = YES;
				CLANG_WARN_OBJC_LITERAL_CONVERSION = YES;
				CLANG_WARN_OBJC_ROOT_CLASS = YES_ERROR;
				CLANG_WARN_RANGE_LOOP_ANALYSIS = YES;
				CLANG_WARN_STRICT_PROTOTYPES = YES;
				CLANG_WARN_SUSPICIOUS_MOVE = YES;
				CLANG_WARN_UNGUARDED_AVAILABILITY = YES_AGGRESSIVE;
				CLANG_WARN_UNREACHABLE_CODE = YES;
				CLANG_WARN__DUPLICATE_METHOD_MATCH = YES;
				CODE_SIGN_IDENTITY = "iPhone Developer";
				COPY_PHASE_STRIP = NO;
				DEBUG_INFORMATION_FORMAT = "dwarf-with-dsym";
				ENABLE_NS_ASSERTIONS = NO;
				ENABLE_STRICT_OBJC_MSGSEND = YES;
				GCC_C_LANGUAGE_STANDARD = gnu11;
				GCC_NO_COMMON_BLOCKS = YES;
				GCC_WARN_64_TO_32_BIT_CONVERSION = YES;
				GCC_WARN_ABOUT_RETURN_TYPE = YES_ERROR;
				GCC_WARN_UNDECLARED_SELECTOR = YES;
				GCC_WARN_UNINITIALIZED_AUTOS = YES_AGGRESSIVE;
				GCC_WARN_UNUSED_FUNCTION = YES;
				GCC_WARN_UNUSED_VARIABLE = YES;
				IPHONEOS_DEPLOYMENT_TARGET = 11.2;
				MTL_ENABLE_DEBUG_INFO = NO;
				SDKROOT = iphoneos;
				SWIFT_OPTIMIZATION_LEVEL = "-Owholemodule";
				VALIDATE_PRODUCT = YES;
			};
			name = Release;
		};
		68279E3920B1CA23008C4E8D /* Debug */ = {
			isa = XCBuildConfiguration;
			buildSettings = {
				ASSETCATALOG_COMPILER_APPICON_NAME = AppIcon;
				CODE_SIGN_STYLE = Manual;
				DEVELOPMENT_TEAM = "";
				INFOPLIST_FILE = PiggyBank/Info.plist;
				LD_RUNPATH_SEARCH_PATHS = "$(inherited) @executable_path/Frameworks";
				PRODUCT_BUNDLE_IDENTIFIER = Angela.PiggyBank;
				PRODUCT_NAME = "$(TARGET_NAME)";
				PROVISIONING_PROFILE_SPECIFIER = "";
				SWIFT_VERSION = 4.0;
				TARGETED_DEVICE_FAMILY = "1,2";
			};
			name = Debug;
		};
		68279E3A20B1CA23008C4E8D /* Release */ = {
			isa = XCBuildConfiguration;
			buildSettings = {
				ASSETCATALOG_COMPILER_APPICON_NAME = AppIcon;
				CODE_SIGN_STYLE = Manual;
				DEVELOPMENT_TEAM = "";
				INFOPLIST_FILE = PiggyBank/Info.plist;
				LD_RUNPATH_SEARCH_PATHS = "$(inherited) @executable_path/Frameworks";
				PRODUCT_BUNDLE_IDENTIFIER = Angela.PiggyBank;
				PRODUCT_NAME = "$(TARGET_NAME)";
				PROVISIONING_PROFILE_SPECIFIER = "";
				SWIFT_VERSION = 4.0;
				TARGETED_DEVICE_FAMILY = "1,2";
			};
			name = Release;
		};
/* End XCBuildConfiguration section */

/* Begin XCConfigurationList section */
		68279E2120B1CA23008C4E8D /* Build configuration list for PBXProject "PiggyBank" */ = {
			isa = XCConfigurationList;
			buildConfigurations = (
				68279E3620B1CA23008C4E8D /* Debug */,
				68279E3720B1CA23008C4E8D /* Release */,
			);
			defaultConfigurationIsVisible = 0;
			defaultConfigurationName = Release;
		};
		68279E3820B1CA23008C4E8D /* Build configuration list for PBXNativeTarget "PiggyBank" */ = {
			isa = XCConfigurationList;
			buildConfigurations = (
				68279E3920B1CA23008C4E8D /* Debug */,
				68279E3A20B1CA23008C4E8D /* Release */,
			);
			defaultConfigurationIsVisible = 0;
			defaultConfigurationName = Release;
		};
/* End XCConfigurationList section */
	};
	rootObject = 68279E1E20B1CA23008C4E8D /* Project object */;
}
